
Microsoft Visual Studio Solution File, Format Version 12.00
Project("{FAE04EC0-301F-11D3-BF4B-00C04F79EFBC}") = "StaticBlazePOC", "StaticBlazePOC\StaticBlazePOC.csproj", "{F1920E32-8838-4F5D-AC0F-8DC079E69FB0}"
EndProject
Global
	GlobalSection(SolutionConfigurationPlatforms) = preSolution
		Debug|Any CPU = Debug|Any CPU
		Release|Any CPU = Release|Any CPU
	EndGlobalSection
	GlobalSection(ProjectConfigurationPlatforms) = postSolution
		{F1920E32-8838-4F5D-AC0F-8DC079E69FB0}.Debug|Any CPU.ActiveCfg = Debug|Any CPU
		{F1920E32-8838-4F5D-AC0F-8DC079E69FB0}.Debug|Any CPU.Build.0 = Debug|Any CPU
		{F1920E32-8838-4F5D-AC0F-8DC079E69FB0}.Release|Any CPU.ActiveCfg = Release|Any CPU
		{F1920E32-8838-4F5D-AC0F-8DC079E69FB0}.Release|Any CPU.Build.0 = Release|Any CPU
	EndGlobalSection
EndGlobal
